// !$*UTF8*$!
{
	archiveVersion = 1;
	classes = {
	};
	objectVersion = 51;
	objects = {

/* Begin PBXBuildFile section */
		2463207D25E299920077B810 /* AppDelegate.swift in Sources */ = {isa = PBXBuildFile; fileRef = 2463207C25E299920077B810 /* AppDelegate.swift */; };
		2463207F25E299920077B810 /* SceneDelegate.swift in Sources */ = {isa = PBXBuildFile; fileRef = 2463207E25E299920077B810 /* SceneDelegate.swift */; };
		2463208125E299920077B810 /* ViewController.swift in Sources */ = {isa = PBXBuildFile; fileRef = 2463208025E299920077B810 /* ViewController.swift */; };
		2463208425E299920077B810 /* Main.storyboard in Resources */ = {isa = PBXBuildFile; fileRef = 2463208225E299920077B810 /* Main.storyboard */; };
		2463208625E299940077B810 /* Assets.xcassets in Resources */ = {isa = PBXBuildFile; fileRef = 2463208525E299940077B810 /* Assets.xcassets */; };
		2463208925E299940077B810 /* LaunchScreen.storyboard in Resources */ = {isa = PBXBuildFile; fileRef = 2463208725E299940077B810 /* LaunchScreen.storyboard */; };
		246320B125E29E690077B810 /* GoogleService-Info.plist in Resources */ = {isa = PBXBuildFile; fileRef = 246320B025E29E690077B810 /* GoogleService-Info.plist */; };
		541723644122F7873445D9C9 /* Pods_class7_Anonymous.framework in Frameworks */ = {isa = PBXBuildFile; fileRef = 7B5B30345C3B36710741DB72 /* Pods_class7_Anonymous.framework */; };
/* End PBXBuildFile section */

/* Begin PBXFileReference section */
		1A2F7D9FA38F5480996A1148 /* Pods-class7_Anonymous.release.xcconfig */ = {isa = PBXFileReference; includeInIndex = 1; lastKnownFileType = text.xcconfig; name = "Pods-class7_Anonymous.release.xcconfig"; path = "Target Support Files/Pods-class7_Anonymous/Pods-class7_Anonymous.release.xcconfig"; sourceTree = "<group>"; };
		2463207925E299920077B810 /* class7_Anonymous.app */ = {isa = PBXFileReference; explicitFileType = wrapper.application; includeInIndex = 0; path = class7_Anonymous.app; sourceTree = BUILT_PRODUCTS_DIR; };
		2463207C25E299920077B810 /* AppDelegate.swift */ = {isa = PBXFileReference; lastKnownFileType = sourcecode.swift; path = AppDelegate.swift; sourceTree = "<group>"; };
		2463207E25E299920077B810 /* SceneDelegate.swift */ = {isa = PBXFileReference; lastKnownFileType = sourcecode.swift; path = SceneDelegate.swift; sourceTree = "<group>"; };
		2463208025E299920077B810 /* ViewController.swift */ = {isa = PBXFileReference; lastKnownFileType = sourcecode.swift; path = ViewController.swift; sourceTree = "<group>"; };
		2463208325E299920077B810 /* Base */ = {isa = PBXFileReference; lastKnownFileType = file.storyboard; name = Base; path = Base.lproj/Main.storyboard; sourceTree = "<group>"; };
		2463208525E299940077B810 /* Assets.xcassets */ = {isa = PBXFileReference; lastKnownFileType = folder.assetcatalog; path = Assets.xcassets; sourceTree = "<group>"; };
		2463208825E299940077B810 /* Base */ = {isa = PBXFileReference; lastKnownFileType = file.storyboard; name = Base; path = Base.lproj/LaunchScreen.storyboard; sourceTree = "<group>"; };
		2463208A25E299940077B810 /* Info.plist */ = {isa = PBXFileReference; lastKnownFileType = text.plist.xml; path = Info.plist; sourceTree = "<group>"; };
		246320B025E29E690077B810 /* GoogleService-Info.plist */ = {isa = PBXFileReference; lastKnownFileType = text.plist; path = "GoogleService-Info.plist"; sourceTree = SOURCE_ROOT; };
		7B5B30345C3B36710741DB72 /* Pods_class7_Anonymous.framework */ = {isa = PBXFileReference; explicitFileType = wrapper.framework; includeInIndex = 0; path = Pods_class7_Anonymous.framework; sourceTree = BUILT_PRODUCTS_DIR; };
		8F77973DD2AA296E569E6515 /* Pods-class7_Anonymous.debug.xcconfig */ = {isa = PBXFileReference; includeInIndex = 1; lastKnownFileType = text.xcconfig; name = "Pods-class7_Anonymous.debug.xcconfig"; path = "Target Support Files/Pods-class7_Anonymous/Pods-class7_Anonymous.debug.xcconfig"; sourceTree = "<group>"; };
/* End PBXFileReference section */

/* Begin PBXFrameworksBuildPhase section */
		2463207625E299920077B810 /* Frameworks */ = {
			isa = PBXFrameworksBuildPhase;
			buildActionMask = 2147483647;
			files = (
				541723644122F7873445D9C9 /* Pods_class7_Anonymous.framework in Frameworks */,
			);
			runOnlyForDeploymentPostprocessing = 0;
		};
/* End PBXFrameworksBuildPhase section */

/* Begin PBXGroup section */
		2463207025E299920077B810 = {
			isa = PBXGroup;
			children = (
				2463207B25E299920077B810 /* class7_Anonymous */,
				2463207A25E299920077B810 /* Products */,
				45026ACB1A6E42AE4DEAA3B0 /* Pods */,
				906A99573A1001817C6C9CD7 /* Frameworks */,
			);
			sourceTree = "<group>";
		};
		2463207A25E299920077B810 /* Products */ = {
			isa = PBXGroup;
			children = (
				2463207925E299920077B810 /* class7_Anonymous.app */,
			);
			name = Products;
			sourceTree = "<group>";
		};
		2463207B25E299920077B810 /* class7_Anonymous */ = {
			isa = PBXGroup;
			children = (
				2463207C25E299920077B810 /* AppDelegate.swift */,
				2463207E25E299920077B810 /* SceneDelegate.swift */,
				2463208025E299920077B810 /* ViewController.swift */,
				2463208225E299920077B810 /* Main.storyboard */,
				2463208525E299940077B810 /* Assets.xcassets */,
				2463208725E299940077B810 /* LaunchScreen.storyboard */,
				2463208A25E299940077B810 /* Info.plist */,
				246320B025E29E690077B810 /* GoogleService-Info.plist */,
			);
			path = class7_Anonymous;
			sourceTree = "<group>";
		};
		45026ACB1A6E42AE4DEAA3B0 /* Pods */ = {
			isa = PBXGroup;
			children = (
				8F77973DD2AA296E569E6515 /* Pods-class7_Anonymous.debug.xcconfig */,
				1A2F7D9FA38F5480996A1148 /* Pods-class7_Anonymous.release.xcconfig */,
			);
			path = Pods;
			sourceTree = "<group>";
		};
		906A99573A1001817C6C9CD7 /* Frameworks */ = {
			isa = PBXGroup;
			children = (
				7B5B30345C3B36710741DB72 /* Pods_class7_Anonymous.framework */,
			);
			name = Frameworks;
			sourceTree = "<group>";
		};
/* End PBXGroup section */

/* Begin PBXNativeTarget section */
		2463207825E299920077B810 /* class7_Anonymous */ = {
			isa = PBXNativeTarget;
			buildConfigurationList = 2463208D25E299940077B810 /* Build configuration list for PBXNativeTarget "class7_Anonymous" */;
			buildPhases = (
				6A987A009F170DEA6BAF026C /* [CP] Check Pods Manifest.lock */,
				2463207525E299920077B810 /* Sources */,
				2463207625E299920077B810 /* Frameworks */,
				2463207725E299920077B810 /* Resources */,
				6DD847867F2B8574850AA198 /* [CP] Embed Pods Frameworks */,
			);
			buildRules = (
			);
			dependencies = (
			);
			name = class7_Anonymous;
			productName = class7_Anonymous;
			productReference = 2463207925E299920077B810 /* class7_Anonymous.app */;
			productType = "com.apple.product-type.application";
		};
/* End PBXNativeTarget section */

/* Begin PBXProject section */
		2463207125E299920077B810 /* Project object */ = {
			isa = PBXProject;
			attributes = {
				LastSwiftUpdateCheck = 1240;
				LastUpgradeCheck = 1240;
				TargetAttributes = {
					2463207825E299920077B810 = {
						CreatedOnToolsVersion = 12.4;
					};
				};
			};
			buildConfigurationList = 2463207425E299920077B810 /* Build configuration list for PBXProject "class7_Anonymous" */;
			compatibilityVersion = "Xcode 9.3";
			developmentRegion = en;
			hasScannedForEncodings = 0;
			knownRegions = (
				en,
				Base,
			);
			mainGroup = 2463207025E299920077B810;
			productRefGroup = 2463207A25E299920077B810 /* Products */;
			projectDirPath = "";
			projectRoot = "";
			targets = (
				2463207825E299920077B810 /* class7_Anonymous */,
			);
		};
/* End PBXProject section */

/* Begin PBXResourcesBuildPhase section */
		2463207725E299920077B810 /* Resources */ = {
			isa = PBXResourcesBuildPhase;
			buildActionMask = 2147483647;
			files = (
				2463208925E299940077B810 /* LaunchScreen.storyboard in Resources */,
				246320B125E29E690077B810 /* GoogleService-Info.plist in Resources */,
				2463208625E299940077B810 /* Assets.xcassets in Resources */,
				2463208425E299920077B810 /* Main.storyboard in Resources */,
			);
			runOnlyForDeploymentPostprocessing = 0;
		};
/* End PBXResourcesBuildPhase section */

/* Begin PBXShellScriptBuildPhase section */
		6A987A009F170DEA6BAF026C /* [CP] Check Pods Manifest.lock */ = {
			isa = PBXShellScriptBuildPhase;
			buildActionMask = 2147483647;
			files = (
			);
			inputFileListPaths = (
			);
			inputPaths = (
				"${PODS_PODFILE_DIR_PATH}/Podfile.lock",
				"${PODS_ROOT}/Manifest.lock",
			);
			name = "[CP] Check Pods Manifest.lock";
			outputFileListPaths = (
			);
			outputPaths = (
				"$(DERIVED_FILE_DIR)/Pods-class7_Anonymous-checkManifestLockResult.txt",
			);
			runOnlyForDeploymentPostprocessing = 0;
			shellPath = /bin/sh;
			shellScript = "diff \"${PODS_PODFILE_DIR_PATH}/Podfile.lock\" \"${PODS_ROOT}/Manifest.lock\" > /dev/null\nif [ $? != 0 ] ; then\n    # print error to STDERR\n    echo \"error: The sandbox is not in sync with the Podfile.lock. Run 'pod install' or update your CocoaPods installation.\" >&2\n    exit 1\nfi\n# This output is used by Xcode 'outputs' to avoid re-running this script phase.\necho \"SUCCESS\" > \"${SCRIPT_OUTPUT_FILE_0}\"\n";
			showEnvVarsInLog = 0;
		};
		6DD847867F2B8574850AA198 /* [CP] Embed Pods Frameworks */ = {
			isa = PBXShellScriptBuildPhase;
			buildActionMask = 2147483647;
			files = (
			);
			inputFileListPaths = (
				"${PODS_ROOT}/Target Support Files/Pods-class7_Anonymous/Pods-class7_Anonymous-frameworks-${CONFIGURATION}-input-files.xcfilelist",
			);
			name = "[CP] Embed Pods Frameworks";
			outputFileListPaths = (
				"${PODS_ROOT}/Target Support Files/Pods-class7_Anonymous/Pods-class7_Anonymous-frameworks-${CONFIGURATION}-output-files.xcfilelist",
			);
			runOnlyForDeploymentPostprocessing = 0;
			shellPath = /bin/sh;
			shellScript = "\"${PODS_ROOT}/Target Support Files/Pods-class7_Anonymous/Pods-class7_Anonymous-frameworks.sh\"\n";
			showEnvVarsInLog = 0;
		};
/* End PBXShellScriptBuildPhase section */

/* Begin PBXSourcesBuildPhase section */
		2463207525E299920077B810 /* Sources */ = {
			isa = PBXSourcesBuildPhase;
			buildActionMask = 2147483647;
			files = (
				2463208125E299920077B810 /* ViewController.swift in Sources */,
				2463207D25E299920077B810 /* AppDelegate.swift in Sources */,
				2463207F25E299920077B810 /* SceneDelegate.swift in Sources */,
			);
			runOnlyForDeploymentPostprocessing = 0;
		};
/* End PBXSourcesBuildPhase section */

/* Begin PBXVariantGroup section */
		2463208225E299920077B810 /* Main.storyboard */ = {
			isa = PBXVariantGroup;
			children = (
				2463208325E299920077B810 /* Base */,
			);
			name = Main.storyboard;
			sourceTree = "<group>";
		};
		2463208725E299940077B810 /* LaunchScreen.storyboard */ = {
			isa = PBXVariantGroup;
			children = (
				2463208825E299940077B810 /* Base */,
			);
			name = LaunchScreen.storyboard;
			sourceTree = "<group>";
		};
/* End PBXVariantGroup section */

/* Begin XCBuildConfiguration section */
		2463208B25E299940077B810 /* Debug */ = {
			isa = XCBuildConfiguration;
			buildSettings = {
				ALWAYS_SEARCH_USER_PATHS = NO;
				CLANG_ANALYZER_NONNULL = YES;
				CLANG_ANALYZER_NUMBER_OBJECT_CONVERSION = YES_AGGRESSIVE;
				CLANG_CXX_LANGUAGE_STANDARD = "gnu++14";
				CLANG_CXX_LIBRARY = "libc++";
				CLANG_ENABLE_MODULES = YES;
				CLANG_ENABLE_OBJC_ARC = YES;
				CLANG_ENABLE_OBJC_WEAK = YES;
				CLANG_WARN_BLOCK_CAPTURE_AUTORELEASING = YES;
				CLANG_WARN_BOOL_CONVERSION = YES;
				CLANG_WARN_COMMA = YES;
				CLANG_WARN_CONSTANT_CONVERSION = YES;
				CLANG_WARN_DEPRECATED_OBJC_IMPLEMENTATIONS = YES;
				CLANG_WARN_DIRECT_OBJC_ISA_USAGE = YES_ERROR;
				CLANG_WARN_DOCUMENTATION_COMMENTS = YES;
				CLANG_WARN_EMPTY_BODY = YES;
				CLANG_WARN_ENUM_CONVERSION = YES;
				CLANG_WARN_INFINITE_RECURSION = YES;
				CLANG_WARN_INT_CONVERSION = YES;
				CLANG_WARN_NON_LITERAL_NULL_CONVERSION = YES;
				CLANG_WARN_OBJC_IMPLICIT_RETAIN_SELF = YES;
				CLANG_WARN_OBJC_LITERAL_CONVERSION = YES;
				CLANG_WARN_OBJC_ROOT_CLASS = YES_ERROR;
				CLANG_WARN_QUOTED_INCLUDE_IN_FRAMEWORK_HEADER = YES;
				CLANG_WARN_RANGE_LOOP_ANALYSIS = YES;
				CLANG_WARN_STRICT_PROTOTYPES = YES;
				CLANG_WARN_SUSPICIOUS_MOVE = YES;
				CLANG_WARN_UNGUARDED_AVAILABILITY = YES_AGGRESSIVE;
				CLANG_WARN_UNREACHABLE_CODE = YES;
				CLANG_WARN__DUPLICATE_METHOD_MATCH = YES;
				COPY_PHASE_STRIP = NO;
				DEBUG_INFORMATION_FORMAT = dwarf;
				ENABLE_STRICT_OBJC_MSGSEND = YES;
				ENABLE_TESTABILITY = YES;
				GCC_C_LANGUAGE_STANDARD = gnu11;
				GCC_DYNAMIC_NO_PIC = NO;
				GCC_NO_COMMON_BLOCKS = YES;
				GCC_OPTIMIZATION_LEVEL = 0;
				GCC_PREPROCESSOR_DEFINITIONS = (
					"DEBUG=1",
					"$(inherited)",
				);
				GCC_WARN_64_TO_32_BIT_CONVERSION = YES;
				GCC_WARN_ABOUT_RETURN_TYPE = YES_ERROR;
				GCC_WARN_UNDECLARED_SELECTOR = YES;
				GCC_WARN_UNINITIALIZED_AUTOS = YES_AGGRESSIVE;
				GCC_WARN_UNUSED_FUNCTION = YES;
				GCC_WARN_UNUSED_VARIABLE = YES;
				IPHONEOS_DEPLOYMENT_TARGET = 14.4;
				MTL_ENABLE_DEBUG_INFO = INCLUDE_SOURCE;
				MTL_FAST_MATH = YES;
				ONLY_ACTIVE_ARCH = YES;
				SDKROOT = iphoneos;
				SWIFT_ACTIVE_COMPILATION_CONDITIONS = DEBUG;
				SWIFT_OPTIMIZATION_LEVEL = "-Onone";
			};
			name = Debug;
		};
		2463208C25E299940077B810 /* Release */ = {
			isa = XCBuildConfiguration;
			buildSettings = {
				ALWAYS_SEARCH_USER_PATHS = NO;
				CLANG_ANALYZER_NONNULL = YES;
				CLANG_ANALYZER_NUMBER_OBJECT_CONVERSION = YES_AGGRESSIVE;
				CLANG_CXX_LANGUAGE_STANDARD = "gnu++14";
				CLANG_CXX_LIBRARY = "libc++";
				CLANG_ENABLE_MODULES = YES;
				CLANG_ENABLE_OBJC_ARC = YES;
				CLANG_ENABLE_OBJC_WEAK = YES;
				CLANG_WARN_BLOCK_CAPTURE_AUTORELEASING = YES;
				CLANG_WARN_BOOL_CONVERSION = YES;
				CLANG_WARN_COMMA = YES;
				CLANG_WARN_CONSTANT_CONVERSION = YES;
				CLANG_WARN_DEPRECATED_OBJC_IMPLEMENTATIONS = YES;
				CLANG_WARN_DIRECT_OBJC_ISA_USAGE = YES_ERROR;
				CLANG_WARN_DOCUMENTATION_COMMENTS = YES;
				CLANG_WARN_EMPTY_BODY = YES;
				CLANG_WARN_ENUM_CONVERSION = YES;
				CLANG_WARN_INFINITE_RECURSION = YES;
				CLANG_WARN_INT_CONVERSION = YES;
				CLANG_WARN_NON_LITERAL_NULL_CONVERSION = YES;
				CLANG_WARN_OBJC_IMPLICIT_RETAIN_SELF = YES;
				CLANG_WARN_OBJC_LITERAL_CONVERSION = YES;
				CLANG_WARN_OBJC_ROOT_CLASS = YES_ERROR;
				CLANG_WARN_QUOTED_INCLUDE_IN_FRAMEWORK_HEADER = YES;
				CLANG_WARN_RANGE_LOOP_ANALYSIS = YES;
				CLANG_WARN_STRICT_PROTOTYPES = YES;
				CLANG_WARN_SUSPICIOUS_MOVE = YES;
				CLANG_WARN_UNGUARDED_AVAILABILITY = YES_AGGRESSIVE;
				CLANG_WARN_UNREACHABLE_CODE = YES;
				CLANG_WARN__DUPLICATE_METHOD_MATCH = YES;
				COPY_PHASE_STRIP = NO;
				DEBUG_INFORMATION_FORMAT = "dwarf-with-dsym";
				ENABLE_NS_ASSERTIONS = NO;
				ENABLE_STRICT_OBJC_MSGSEND = YES;
				GCC_C_LANGUAGE_STANDARD = gnu11;
				GCC_NO_COMMON_BLOCKS = YES;
				GCC_WARN_64_TO_32_BIT_CONVERSION = YES;
				GCC_WARN_ABOUT_RETURN_TYPE = YES_ERROR;
				GCC_WARN_UNDECLARED_SELECTOR = YES;
				GCC_WARN_UNINITIALIZED_AUTOS = YES_AGGRESSIVE;
				GCC_WARN_UNUSED_FUNCTION = YES;
				GCC_WARN_UNUSED_VARIABLE = YES;
				IPHONEOS_DEPLOYMENT_TARGET = 14.4;
				MTL_ENABLE_DEBUG_INFO = NO;
				MTL_FAST_MATH = YES;
				SDKROOT = iphoneos;
				SWIFT_COMPILATION_MODE = wholemodule;
				SWIFT_OPTIMIZATION_LEVEL = "-O";
				VALIDATE_PRODUCT = YES;
			};
			name = Release;
		};
		2463208E25E299940077B810 /* Debug */ = {
			isa = XCBuildConfiguration;
			baseConfigurationReference = 8F77973DD2AA296E569E6515 /* Pods-class7_Anonymous.debug.xcconfig */;
			buildSettings = {
				ASSETCATALOG_COMPILER_APPICON_NAME = AppIcon;
				ASSETCATALOG_COMPILER_GLOBAL_ACCENT_COLOR_NAME = AccentColor;
				CODE_SIGN_STYLE = Automatic;
				INFOPLIST_FILE = class7_Anonymous/Info.plist;
				LD_RUNPATH_SEARCH_PATHS = (
					"$(inherited)",
					"@executable_path/Frameworks",
				);
				PRODUCT_BUNDLE_IDENTIFIER = "Steven-QI.class7-Anonymous";
				PRODUCT_NAME = "$(TARGET_NAME)";
				SWIFT_VERSION = 5.0;
				TARGETED_DEVICE_FAMILY = "1,2";
			};
			name = Debug;
		};
		2463208F25E299940077B810 /* Release */ = {
			isa = XCBuildConfiguration;
			baseConfigurationReference = 1A2F7D9FA38F5480996A1148 /* Pods-class7_Anonymous.release.xcconfig */;
			buildSettings = {
				ASSETCATALOG_COMPILER_APPICON_NAME = AppIcon;
				ASSETCATALOG_COMPILER_GLOBAL_ACCENT_COLOR_NAME = AccentColor;
				CODE_SIGN_STYLE = Automatic;
				INFOPLIST_FILE = class7_Anonymous/Info.plist;
				LD_RUNPATH_SEARCH_PATHS = (
					"$(inherited)",
					"@executable_path/Frameworks",
				);
				PRODUCT_BUNDLE_IDENTIFIER = "Steven-QI.class7-Anonymous";
				PRODUCT_NAME = "$(TARGET_NAME)";
				SWIFT_VERSION = 5.0;
				TARGETED_DEVICE_FAMILY = "1,2";
			};
			name = Release;
		};
/* End XCBuildConfiguration section */

/* Begin XCConfigurationList section */
		2463207425E299920077B810 /* Build configuration list for PBXProject "class7_Anonymous" */ = {
			isa = XCConfigurationList;
			buildConfigurations = (
				2463208B25E299940077B810 /* Debug */,
				2463208C25E299940077B810 /* Release */,
			);
			defaultConfigurationIsVisible = 0;
			defaultConfigurationName = Release;
		};
		2463208D25E299940077B810 /* Build configuration list for PBXNativeTarget "class7_Anonymous" */ = {
			isa = XCConfigurationList;
			buildConfigurations = (
				2463208E25E299940077B810 /* Debug */,
				2463208F25E299940077B810 /* Release */,
			);
			defaultConfigurationIsVisible = 0;
			defaultConfigurationName = Release;
		};
/* End XCConfigurationList section */
	};
	rootObject = 2463207125E299920077B810 /* Project object */;
}
